
Microsoft Visual Studio Solution File, Format Version 12.00
# Visual Studio Version 16
VisualStudioVersion = 25.0.1706.10
MinimumVisualStudioVersion = 10.0.40219.1
Project("{FAE04EC0-301F-11D3-BF4B-00C04F79EFBC}") = "18mayLesson", "18mayLesson\18mayLesson.csproj", "{4CDB5612-5728-46E2-9687-29984D5244C5}"
EndProject
Project("{FAE04EC0-301F-11D3-BF4B-00C04F79EFBC}") = "Task1", "Task1\Task1.csproj", "{28C03A51-3917-4D35-A4F8-B15BF4EEE88B}"
EndProject
Project("{FAE04EC0-301F-11D3-BF4B-00C04F79EFBC}") = "Task2", "Task2\Task2.csproj", "{887B3183-563E-4F9C-BFD3-497AD83E747E}"
EndProject
Project("{FAE04EC0-301F-11D3-BF4B-00C04F79EFBC}") = "Task3", "Task3\Task3.csproj", "{A9A52894-C680-4888-86DB-52A3B0F75D90}"
EndProject
Project("{FAE04EC0-301F-11D3-BF4B-00C04F79EFBC}") = "Task4", "Task4\Task4.csproj", "{387B92BA-B699-4BB7-8B7E-9BBCD2CC609A}"
EndProject
Project("{FAE04EC0-301F-11D3-BF4B-00C04F79EFBC}") = "Task5", "Task5\Task5.csproj", "{9A2861E8-9197-4A85-B7FA-8EB9CA8826E4}"
EndProject
Project("{FAE04EC0-301F-11D3-BF4B-00C04F79EFBC}") = "Task6", "Task6\Task6.csproj", "{427C5E6D-7F8C-4FE3-80D8-0628D8CF616E}"
EndProject
Project("{FAE04EC0-301F-11D3-BF4B-00C04F79EFBC}") = "Task7", "Task7\Task7.csproj", "{8854D9DB-4E40-47F2-A314-669F47F00FF7}"
EndProject
Project("{FAE04EC0-301F-11D3-BF4B-00C04F79EFBC}") = "Task8", "Task8\Task8.csproj", "{BE68F833-9DDE-403D-8FDD-6C5EE3ED5D73}"
EndProject
Project("{FAE04EC0-301F-11D3-BF4B-00C04F79EFBC}") = "Task9", "Task9\Task9.csproj", "{8D1E05AE-8375-468D-84EF-F10DAD369645}"
EndProject
Project("{FAE04EC0-301F-11D3-BF4B-00C04F79EFBC}") = "Task10", "Task10\Task10.csproj", "{85C42A4C-2DC2-48B3-AC39-6DCB77C07B9A}"
EndProject
Project("{FAE04EC0-301F-11D3-BF4B-00C04F79EFBC}") = "Task11", "Task11\Task11.csproj", "{224D3E51-513B-47E2-97BF-7CE8586BCC72}"
EndProject
Project("{FAE04EC0-301F-11D3-BF4B-00C04F79EFBC}") = "Task12", "Task12\Task12.csproj", "{1FBD3A47-A891-41A0-9FBF-E04673CE9AC5}"
EndProject
Project("{FAE04EC0-301F-11D3-BF4B-00C04F79EFBC}") = "Task13", "Task13\Task13.csproj", "{B096077A-3599-44F7-BA15-959DD2C2C476}"
EndProject
Project("{FAE04EC0-301F-11D3-BF4B-00C04F79EFBC}") = "Task14", "Task14\Task14.csproj", "{4CB35212-3D52-45CA-9717-F700B5559746}"
EndProject
Project("{FAE04EC0-301F-11D3-BF4B-00C04F79EFBC}") = "Task15", "Task15\Task15.csproj", "{3D7D1AE4-247E-423E-9AB4-2898B29938A0}"
EndProject
Global
	GlobalSection(SolutionConfigurationPlatforms) = preSolution
		Debug|Any CPU = Debug|Any CPU
		Release|Any CPU = Release|Any CPU
	EndGlobalSection
	GlobalSection(ProjectConfigurationPlatforms) = postSolution
		{4CDB5612-5728-46E2-9687-29984D5244C5}.Debug|Any CPU.ActiveCfg = Debug|Any CPU
		{4CDB5612-5728-46E2-9687-29984D5244C5}.Debug|Any CPU.Build.0 = Debug|Any CPU
		{4CDB5612-5728-46E2-9687-29984D5244C5}.Release|Any CPU.ActiveCfg = Release|Any CPU
		{4CDB5612-5728-46E2-9687-29984D5244C5}.Release|Any CPU.Build.0 = Release|Any CPU
		{28C03A51-3917-4D35-A4F8-B15BF4EEE88B}.Debug|Any CPU.ActiveCfg = Debug|Any CPU
		{28C03A51-3917-4D35-A4F8-B15BF4EEE88B}.Debug|Any CPU.Build.0 = Debug|Any CPU
		{28C03A51-3917-4D35-A4F8-B15BF4EEE88B}.Release|Any CPU.ActiveCfg = Release|Any CPU
		{28C03A51-3917-4D35-A4F8-B15BF4EEE88B}.Release|Any CPU.Build.0 = Release|Any CPU
		{887B3183-563E-4F9C-BFD3-497AD83E747E}.Debug|Any CPU.ActiveCfg = Debug|Any CPU
		{887B3183-563E-4F9C-BFD3-497AD83E747E}.Debug|Any CPU.Build.0 = Debug|Any CPU
		{887B3183-563E-4F9C-BFD3-497AD83E747E}.Release|Any CPU.ActiveCfg = Release|Any CPU
		{887B3183-563E-4F9C-BFD3-497AD83E747E}.Release|Any CPU.Build.0 = Release|Any CPU
		{A9A52894-C680-4888-86DB-52A3B0F75D90}.Debug|Any CPU.ActiveCfg = Debug|Any CPU
		{A9A52894-C680-4888-86DB-52A3B0F75D90}.Debug|Any CPU.Build.0 = Debug|Any CPU
		{A9A52894-C680-4888-86DB-52A3B0F75D90}.Release|Any CPU.ActiveCfg = Release|Any CPU
		{A9A52894-C680-4888-86DB-52A3B0F75D90}.Release|Any CPU.Build.0 = Release|Any CPU
		{387B92BA-B699-4BB7-8B7E-9BBCD2CC609A}.Debug|Any CPU.ActiveCfg = Debug|Any CPU
		{387B92BA-B699-4BB7-8B7E-9BBCD2CC609A}.Debug|Any CPU.Build.0 = Debug|Any CPU
		{387B92BA-B699-4BB7-8B7E-9BBCD2CC609A}.Release|Any CPU.ActiveCfg = Release|Any CPU
		{387B92BA-B699-4BB7-8B7E-9BBCD2CC609A}.Release|Any CPU.Build.0 = Release|Any CPU
		{9A2861E8-9197-4A85-B7FA-8EB9CA8826E4}.Debug|Any CPU.ActiveCfg = Debug|Any CPU
		{9A2861E8-9197-4A85-B7FA-8EB9CA8826E4}.Debug|Any CPU.Build.0 = Debug|Any CPU
		{9A2861E8-9197-4A85-B7FA-8EB9CA8826E4}.Release|Any CPU.ActiveCfg = Release|Any CPU
		{9A2861E8-9197-4A85-B7FA-8EB9CA8826E4}.Release|Any CPU.Build.0 = Release|Any CPU
		{427C5E6D-7F8C-4FE3-80D8-0628D8CF616E}.Debug|Any CPU.ActiveCfg = Debug|Any CPU
		{427C5E6D-7F8C-4FE3-80D8-0628D8CF616E}.Debug|Any CPU.Build.0 = Debug|Any CPU
		{427C5E6D-7F8C-4FE3-80D8-0628D8CF616E}.Release|Any CPU.ActiveCfg = Release|Any CPU
		{427C5E6D-7F8C-4FE3-80D8-0628D8CF616E}.Release|Any CPU.Build.0 = Release|Any CPU
		{8854D9DB-4E40-47F2-A314-669F47F00FF7}.Debug|Any CPU.ActiveCfg = Debug|Any CPU
		{8854D9DB-4E40-47F2-A314-669F47F00FF7}.Debug|Any CPU.Build.0 = Debug|Any CPU
		{8854D9DB-4E40-47F2-A314-669F47F00FF7}.Release|Any CPU.ActiveCfg = Release|Any CPU
		{8854D9DB-4E40-47F2-A314-669F47F00FF7}.Release|Any CPU.Build.0 = Release|Any CPU
		{BE68F833-9DDE-403D-8FDD-6C5EE3ED5D73}.Debug|Any CPU.ActiveCfg = Debug|Any CPU
		{BE68F833-9DDE-403D-8FDD-6C5EE3ED5D73}.Debug|Any CPU.Build.0 = Debug|Any CPU
		{BE68F833-9DDE-403D-8FDD-6C5EE3ED5D73}.Release|Any CPU.ActiveCfg = Release|Any CPU
		{BE68F833-9DDE-403D-8FDD-6C5EE3ED5D73}.Release|Any CPU.Build.0 = Release|Any CPU
		{8D1E05AE-8375-468D-84EF-F10DAD369645}.Debug|Any CPU.ActiveCfg = Debug|Any CPU
		{8D1E05AE-8375-468D-84EF-F10DAD369645}.Debug|Any CPU.Build.0 = Debug|Any CPU
		{8D1E05AE-8375-468D-84EF-F10DAD369645}.Release|Any CPU.ActiveCfg = Release|Any CPU
		{8D1E05AE-8375-468D-84EF-F10DAD369645}.Release|Any CPU.Build.0 = Release|Any CPU
		{85C42A4C-2DC2-48B3-AC39-6DCB77C07B9A}.Debug|Any CPU.ActiveCfg = Debug|Any CPU
		{85C42A4C-2DC2-48B3-AC39-6DCB77C07B9A}.Debug|Any CPU.Build.0 = Debug|Any CPU
		{85C42A4C-2DC2-48B3-AC39-6DCB77C07B9A}.Release|Any CPU.ActiveCfg = Release|Any CPU
		{85C42A4C-2DC2-48B3-AC39-6DCB77C07B9A}.Release|Any CPU.Build.0 = Release|Any CPU
		{224D3E51-513B-47E2-97BF-7CE8586BCC72}.Debug|Any CPU.ActiveCfg = Debug|Any CPU
		{224D3E51-513B-47E2-97BF-7CE8586BCC72}.Debug|Any CPU.Build.0 = Debug|Any CPU
		{224D3E51-513B-47E2-97BF-7CE8586BCC72}.Release|Any CPU.ActiveCfg = Release|Any CPU
		{224D3E51-513B-47E2-97BF-7CE8586BCC72}.Release|Any CPU.Build.0 = Release|Any CPU
		{1FBD3A47-A891-41A0-9FBF-E04673CE9AC5}.Debug|Any CPU.ActiveCfg = Debug|Any CPU
		{1FBD3A47-A891-41A0-9FBF-E04673CE9AC5}.Debug|Any CPU.Build.0 = Debug|Any CPU
		{1FBD3A47-A891-41A0-9FBF-E04673CE9AC5}.Release|Any CPU.ActiveCfg = Release|Any CPU
		{1FBD3A47-A891-41A0-9FBF-E04673CE9AC5}.Release|Any CPU.Build.0 = Release|Any CPU
		{B096077A-3599-44F7-BA15-959DD2C2C476}.Debug|Any CPU.ActiveCfg = Debug|Any CPU
		{B096077A-3599-44F7-BA15-959DD2C2C476}.Debug|Any CPU.Build.0 = Debug|Any CPU
		{B096077A-3599-44F7-BA15-959DD2C2C476}.Release|Any CPU.ActiveCfg = Release|Any CPU
		{B096077A-3599-44F7-BA15-959DD2C2C476}.Release|Any CPU.Build.0 = Release|Any CPU
		{4CB35212-3D52-45CA-9717-F700B5559746}.Debug|Any CPU.ActiveCfg = Debug|Any CPU
		{4CB35212-3D52-45CA-9717-F700B5559746}.Debug|Any CPU.Build.0 = Debug|Any CPU
		{4CB35212-3D52-45CA-9717-F700B5559746}.Release|Any CPU.ActiveCfg = Release|Any CPU
		{4CB35212-3D52-45CA-9717-F700B5559746}.Release|Any CPU.Build.0 = Release|Any CPU
		{3D7D1AE4-247E-423E-9AB4-2898B29938A0}.Debug|Any CPU.ActiveCfg = Debug|Any CPU
		{3D7D1AE4-247E-423E-9AB4-2898B29938A0}.Debug|Any CPU.Build.0 = Debug|Any CPU
		{3D7D1AE4-247E-423E-9AB4-2898B29938A0}.Release|Any CPU.ActiveCfg = Release|Any CPU
		{3D7D1AE4-247E-423E-9AB4-2898B29938A0}.Release|Any CPU.Build.0 = Release|Any CPU
	EndGlobalSection
	GlobalSection(SolutionProperties) = preSolution
		HideSolutionNode = FALSE
	EndGlobalSection
	GlobalSection(ExtensibilityGlobals) = postSolution
		SolutionGuid = {F9B48329-31D5-4784-869B-E635E253EA3D}
	EndGlobalSection
EndGlobal
